// !$*UTF8*$!
{
	archiveVersion = 1;
	classes = {
	};
	objectVersion = 50;
	objects = {

/* Begin PBXBuildFile section */
		D8ABD9F5239D766F00D219B1 /* AppDelegate.swift in Sources */ = {isa = PBXBuildFile; fileRef = D8ABD9F4239D766F00D219B1 /* AppDelegate.swift */; };
		D8ABD9F7239D766F00D219B1 /* SceneDelegate.swift in Sources */ = {isa = PBXBuildFile; fileRef = D8ABD9F6239D766F00D219B1 /* SceneDelegate.swift */; };
		D8ABD9F9239D767000D219B1 /* ViewController.swift in Sources */ = {isa = PBXBuildFile; fileRef = D8ABD9F8239D767000D219B1 /* ViewController.swift */; };
		D8ABD9FC239D767000D219B1 /* Main.storyboard in Resources */ = {isa = PBXBuildFile; fileRef = D8ABD9FA239D767000D219B1 /* Main.storyboard */; };
		D8ABD9FE239D767200D219B1 /* Assets.xcassets in Resources */ = {isa = PBXBuildFile; fileRef = D8ABD9FD239D767200D219B1 /* Assets.xcassets */; };
		D8ABDA01239D767200D219B1 /* LaunchScreen.storyboard in Resources */ = {isa = PBXBuildFile; fileRef = D8ABD9FF239D767200D219B1 /* LaunchScreen.storyboard */; };
		D8ABDA0C239D767200D219B1 /* YoungestTests.swift in Sources */ = {isa = PBXBuildFile; fileRef = D8ABDA0B239D767200D219B1 /* YoungestTests.swift */; };
/* End PBXBuildFile section */

/* Begin PBXContainerItemProxy section */
		D8ABDA08239D767200D219B1 /* PBXContainerItemProxy */ = {
			isa = PBXContainerItemProxy;
			containerPortal = D8ABD9E9239D766F00D219B1 /* Project object */;
			proxyType = 1;
			remoteGlobalIDString = D8ABD9F0239D766F00D219B1;
			remoteInfo = Youngest;
		};
/* End PBXContainerItemProxy section */

/* Begin PBXFileReference section */
		D8ABD9F1239D766F00D219B1 /* Youngest.app */ = {isa = PBXFileReference; explicitFileType = wrapper.application; includeInIndex = 0; path = Youngest.app; sourceTree = BUILT_PRODUCTS_DIR; };
		D8ABD9F4239D766F00D219B1 /* AppDelegate.swift */ = {isa = PBXFileReference; lastKnownFileType = sourcecode.swift; path = AppDelegate.swift; sourceTree = "<group>"; };
		D8ABD9F6239D766F00D219B1 /* SceneDelegate.swift */ = {isa = PBXFileReference; lastKnownFileType = sourcecode.swift; path = SceneDelegate.swift; sourceTree = "<group>"; };
		D8ABD9F8239D767000D219B1 /* ViewController.swift */ = {isa = PBXFileReference; lastKnownFileType = sourcecode.swift; path = ViewController.swift; sourceTree = "<group>"; };
		D8ABD9FB239D767000D219B1 /* Base */ = {isa = PBXFileReference; lastKnownFileType = file.storyboard; name = Base; path = Base.lproj/Main.storyboard; sourceTree = "<group>"; };
		D8ABD9FD239D767200D219B1 /* Assets.xcassets */ = {isa = PBXFileReference; lastKnownFileType = folder.assetcatalog; path = Assets.xcassets; sourceTree = "<group>"; };
		D8ABDA00239D767200D219B1 /* Base */ = {isa = PBXFileReference; lastKnownFileType = file.storyboard; name = Base; path = Base.lproj/LaunchScreen.storyboard; sourceTree = "<group>"; };
		D8ABDA02239D767200D219B1 /* Info.plist */ = {isa = PBXFileReference; lastKnownFileType = text.plist.xml; path = Info.plist; sourceTree = "<group>"; };
		D8ABDA07239D767200D219B1 /* YoungestTests.xctest */ = {isa = PBXFileReference; explicitFileType = wrapper.cfbundle; includeInIndex = 0; path = YoungestTests.xctest; sourceTree = BUILT_PRODUCTS_DIR; };
		D8ABDA0B239D767200D219B1 /* YoungestTests.swift */ = {isa = PBXFileReference; lastKnownFileType = sourcecode.swift; path = YoungestTests.swift; sourceTree = "<group>"; };
		D8ABDA0D239D767200D219B1 /* Info.plist */ = {isa = PBXFileReference; lastKnownFileType = text.plist.xml; path = Info.plist; sourceTree = "<group>"; };
/* End PBXFileReference section */

/* Begin PBXFrameworksBuildPhase section */
		D8ABD9EE239D766F00D219B1 /* Frameworks */ = {
			isa = PBXFrameworksBuildPhase;
			buildActionMask = 2147483647;
			files = (
			);
			runOnlyForDeploymentPostprocessing = 0;
		};
		D8ABDA04239D767200D219B1 /* Frameworks */ = {
			isa = PBXFrameworksBuildPhase;
			buildActionMask = 2147483647;
			files = (
			);
			runOnlyForDeploymentPostprocessing = 0;
		};
/* End PBXFrameworksBuildPhase section */

/* Begin PBXGroup section */
		D8ABD9E8239D766F00D219B1 = {
			isa = PBXGroup;
			children = (
				D8ABD9F3239D766F00D219B1 /* Youngest */,
				D8ABDA0A239D767200D219B1 /* YoungestTests */,
				D8ABD9F2239D766F00D219B1 /* Products */,
			);
			sourceTree = "<group>";
		};
		D8ABD9F2239D766F00D219B1 /* Products */ = {
			isa = PBXGroup;
			children = (
				D8ABD9F1239D766F00D219B1 /* Youngest.app */,
				D8ABDA07239D767200D219B1 /* YoungestTests.xctest */,
			);
			name = Products;
			sourceTree = "<group>";
		};
		D8ABD9F3239D766F00D219B1 /* Youngest */ = {
			isa = PBXGroup;
			children = (
				D8ABD9F4239D766F00D219B1 /* AppDelegate.swift */,
				D8ABD9F6239D766F00D219B1 /* SceneDelegate.swift */,
				D8ABD9F8239D767000D219B1 /* ViewController.swift */,
				D8ABD9FA239D767000D219B1 /* Main.storyboard */,
				D8ABD9FD239D767200D219B1 /* Assets.xcassets */,
				D8ABD9FF239D767200D219B1 /* LaunchScreen.storyboard */,
				D8ABDA02239D767200D219B1 /* Info.plist */,
			);
			path = Youngest;
			sourceTree = "<group>";
		};
		D8ABDA0A239D767200D219B1 /* YoungestTests */ = {
			isa = PBXGroup;
			children = (
				D8ABDA0B239D767200D219B1 /* YoungestTests.swift */,
				D8ABDA0D239D767200D219B1 /* Info.plist */,
			);
			path = YoungestTests;
			sourceTree = "<group>";
		};
/* End PBXGroup section */

/* Begin PBXNativeTarget section */
		D8ABD9F0239D766F00D219B1 /* Youngest */ = {
			isa = PBXNativeTarget;
			buildConfigurationList = D8ABDA10239D767200D219B1 /* Build configuration list for PBXNativeTarget "Youngest" */;
			buildPhases = (
				D8ABD9ED239D766F00D219B1 /* Sources */,
				D8ABD9EE239D766F00D219B1 /* Frameworks */,
				D8ABD9EF239D766F00D219B1 /* Resources */,
			);
			buildRules = (
			);
			dependencies = (
			);
			name = Youngest;
			productName = Youngest;
			productReference = D8ABD9F1239D766F00D219B1 /* Youngest.app */;
			productType = "com.apple.product-type.application";
		};
		D8ABDA06239D767200D219B1 /* YoungestTests */ = {
			isa = PBXNativeTarget;
			buildConfigurationList = D8ABDA13239D767200D219B1 /* Build configuration list for PBXNativeTarget "YoungestTests" */;
			buildPhases = (
				D8ABDA03239D767200D219B1 /* Sources */,
				D8ABDA04239D767200D219B1 /* Frameworks */,
				D8ABDA05239D767200D219B1 /* Resources */,
			);
			buildRules = (
			);
			dependencies = (
				D8ABDA09239D767200D219B1 /* PBXTargetDependency */,
			);
			name = YoungestTests;
			productName = YoungestTests;
			productReference = D8ABDA07239D767200D219B1 /* YoungestTests.xctest */;
			productType = "com.apple.product-type.bundle.unit-test";
		};
/* End PBXNativeTarget section */

/* Begin PBXProject section */
		D8ABD9E9239D766F00D219B1 /* Project object */ = {
			isa = PBXProject;
			attributes = {
				LastSwiftUpdateCheck = 1120;
				LastUpgradeCheck = 1120;
				ORGANIZATIONNAME = DeadPixel;
				TargetAttributes = {
					D8ABD9F0239D766F00D219B1 = {
						CreatedOnToolsVersion = 11.2.1;
					};
					D8ABDA06239D767200D219B1 = {
						CreatedOnToolsVersion = 11.2.1;
						TestTargetID = D8ABD9F0239D766F00D219B1;
					};
				};
			};
			buildConfigurationList = D8ABD9EC239D766F00D219B1 /* Build configuration list for PBXProject "Youngest" */;
			compatibilityVersion = "Xcode 9.3";
			developmentRegion = en;
			hasScannedForEncodings = 0;
			knownRegions = (
				en,
				Base,
			);
			mainGroup = D8ABD9E8239D766F00D219B1;
			productRefGroup = D8ABD9F2239D766F00D219B1 /* Products */;
			projectDirPath = "";
			projectRoot = "";
			targets = (
				D8ABD9F0239D766F00D219B1 /* Youngest */,
				D8ABDA06239D767200D219B1 /* YoungestTests */,
			);
		};
/* End PBXProject section */

/* Begin PBXResourcesBuildPhase section */
		D8ABD9EF239D766F00D219B1 /* Resources */ = {
			isa = PBXResourcesBuildPhase;
			buildActionMask = 2147483647;
			files = (
				D8ABDA01239D767200D219B1 /* LaunchScreen.storyboard in Resources */,
				D8ABD9FE239D767200D219B1 /* Assets.xcassets in Resources */,
				D8ABD9FC239D767000D219B1 /* Main.storyboard in Resources */,
			);
			runOnlyForDeploymentPostprocessing = 0;
		};
		D8ABDA05239D767200D219B1 /* Resources */ = {
			isa = PBXResourcesBuildPhase;
			buildActionMask = 2147483647;
			files = (
			);
			runOnlyForDeploymentPostprocessing = 0;
		};
/* End PBXResourcesBuildPhase section */

/* Begin PBXSourcesBuildPhase section */
		D8ABD9ED239D766F00D219B1 /* Sources */ = {
			isa = PBXSourcesBuildPhase;
			buildActionMask = 2147483647;
			files = (
				D8ABD9F9239D767000D219B1 /* ViewController.swift in Sources */,
				D8ABD9F5239D766F00D219B1 /* AppDelegate.swift in Sources */,
				D8ABD9F7239D766F00D219B1 /* SceneDelegate.swift in Sources */,
			);
			runOnlyForDeploymentPostprocessing = 0;
		};
		D8ABDA03239D767200D219B1 /* Sources */ = {
			isa = PBXSourcesBuildPhase;
			buildActionMask = 2147483647;
			files = (
				D8ABDA0C239D767200D219B1 /* YoungestTests.swift in Sources */,
			);
			runOnlyForDeploymentPostprocessing = 0;
		};
/* End PBXSourcesBuildPhase section */

/* Begin PBXTargetDependency section */
		D8ABDA09239D767200D219B1 /* PBXTargetDependency */ = {
			isa = PBXTargetDependency;
			target = D8ABD9F0239D766F00D219B1 /* Youngest */;
			targetProxy = D8ABDA08239D767200D219B1 /* PBXContainerItemProxy */;
		};
/* End PBXTargetDependency section */

/* Begin PBXVariantGroup section */
		D8ABD9FA239D767000D219B1 /* Main.storyboard */ = {
			isa = PBXVariantGroup;
			children = (
				D8ABD9FB239D767000D219B1 /* Base */,
			);
			name = Main.storyboard;
			sourceTree = "<group>";
		};
		D8ABD9FF239D767200D219B1 /* LaunchScreen.storyboard */ = {
			isa = PBXVariantGroup;
			children = (
				D8ABDA00239D767200D219B1 /* Base */,
			);
			name = LaunchScreen.storyboard;
			sourceTree = "<group>";
		};
/* End PBXVariantGroup section */

/* Begin XCBuildConfiguration section */
		D8ABDA0E239D767200D219B1 /* Debug */ = {
			isa = XCBuildConfiguration;
			buildSettings = {
				ALWAYS_SEARCH_USER_PATHS = NO;
				CLANG_ANALYZER_NONNULL = YES;
				CLANG_ANALYZER_NUMBER_OBJECT_CONVERSION = YES_AGGRESSIVE;
				CLANG_CXX_LANGUAGE_STANDARD = "gnu++14";
				CLANG_CXX_LIBRARY = "libc++";
				CLANG_ENABLE_MODULES = YES;
				CLANG_ENABLE_OBJC_ARC = YES;
				CLANG_ENABLE_OBJC_WEAK = YES;
				CLANG_WARN_BLOCK_CAPTURE_AUTORELEASING = YES;
				CLANG_WARN_BOOL_CONVERSION = YES;
				CLANG_WARN_COMMA = YES;
				CLANG_WARN_CONSTANT_CONVERSION = YES;
				CLANG_WARN_DEPRECATED_OBJC_IMPLEMENTATIONS = YES;
				CLANG_WARN_DIRECT_OBJC_ISA_USAGE = YES_ERROR;
				CLANG_WARN_DOCUMENTATION_COMMENTS = YES;
				CLANG_WARN_EMPTY_BODY = YES;
				CLANG_WARN_ENUM_CONVERSION = YES;
				CLANG_WARN_INFINITE_RECURSION = YES;
				CLANG_WARN_INT_CONVERSION = YES;
				CLANG_WARN_NON_LITERAL_NULL_CONVERSION = YES;
				CLANG_WARN_OBJC_IMPLICIT_RETAIN_SELF = YES;
				CLANG_WARN_OBJC_LITERAL_CONVERSION = YES;
				CLANG_WARN_OBJC_ROOT_CLASS = YES_ERROR;
				CLANG_WARN_RANGE_LOOP_ANALYSIS = YES;
				CLANG_WARN_STRICT_PROTOTYPES = YES;
				CLANG_WARN_SUSPICIOUS_MOVE = YES;
				CLANG_WARN_UNGUARDED_AVAILABILITY = YES_AGGRESSIVE;
				CLANG_WARN_UNREACHABLE_CODE = YES;
				CLANG_WARN__DUPLICATE_METHOD_MATCH = YES;
				COPY_PHASE_STRIP = NO;
				DEBUG_INFORMATION_FORMAT = dwarf;
				ENABLE_STRICT_OBJC_MSGSEND = YES;
				ENABLE_TESTABILITY = YES;
				GCC_C_LANGUAGE_STANDARD = gnu11;
				GCC_DYNAMIC_NO_PIC = NO;
				GCC_NO_COMMON_BLOCKS = YES;
				GCC_OPTIMIZATION_LEVEL = 0;
				GCC_PREPROCESSOR_DEFINITIONS = (
					"DEBUG=1",
					"$(inherited)",
				);
				GCC_WARN_64_TO_32_BIT_CONVERSION = YES;
				GCC_WARN_ABOUT_RETURN_TYPE = YES_ERROR;
				GCC_WARN_UNDECLARED_SELECTOR = YES;
				GCC_WARN_UNINITIALIZED_AUTOS = YES_AGGRESSIVE;
				GCC_WARN_UNUSED_FUNCTION = YES;
				GCC_WARN_UNUSED_VARIABLE = YES;
				IPHONEOS_DEPLOYMENT_TARGET = 13.2;
				MTL_ENABLE_DEBUG_INFO = INCLUDE_SOURCE;
				MTL_FAST_MATH = YES;
				ONLY_ACTIVE_ARCH = YES;
				SDKROOT = iphoneos;
				SWIFT_ACTIVE_COMPILATION_CONDITIONS = DEBUG;
				SWIFT_OPTIMIZATION_LEVEL = "-Onone";
			};
			name = Debug;
		};
		D8ABDA0F239D767200D219B1 /* Release */ = {
			isa = XCBuildConfiguration;
			buildSettings = {
				ALWAYS_SEARCH_USER_PATHS = NO;
				CLANG_ANALYZER_NONNULL = YES;
				CLANG_ANALYZER_NUMBER_OBJECT_CONVERSION = YES_AGGRESSIVE;
				CLANG_CXX_LANGUAGE_STANDARD = "gnu++14";
				CLANG_CXX_LIBRARY = "libc++";
				CLANG_ENABLE_MODULES = YES;
				CLANG_ENABLE_OBJC_ARC = YES;
				CLANG_ENABLE_OBJC_WEAK = YES;
				CLANG_WARN_BLOCK_CAPTURE_AUTORELEASING = YES;
				CLANG_WARN_BOOL_CONVERSION = YES;
				CLANG_WARN_COMMA = YES;
				CLANG_WARN_CONSTANT_CONVERSION = YES;
				CLANG_WARN_DEPRECATED_OBJC_IMPLEMENTATIONS = YES;
				CLANG_WARN_DIRECT_OBJC_ISA_USAGE = YES_ERROR;
				CLANG_WARN_DOCUMENTATION_COMMENTS = YES;
				CLANG_WARN_EMPTY_BODY = YES;
				CLANG_WARN_ENUM_CONVERSION = YES;
				CLANG_WARN_INFINITE_RECURSION = YES;
				CLANG_WARN_INT_CONVERSION = YES;
				CLANG_WARN_NON_LITERAL_NULL_CONVERSION = YES;
				CLANG_WARN_OBJC_IMPLICIT_RETAIN_SELF = YES;
				CLANG_WARN_OBJC_LITERAL_CONVERSION = YES;
				CLANG_WARN_OBJC_ROOT_CLASS = YES_ERROR;
				CLANG_WARN_RANGE_LOOP_ANALYSIS = YES;
				CLANG_WARN_STRICT_PROTOTYPES = YES;
				CLANG_WARN_SUSPICIOUS_MOVE = YES;
				CLANG_WARN_UNGUARDED_AVAILABILITY = YES_AGGRESSIVE;
				CLANG_WARN_UNREACHABLE_CODE = YES;
				CLANG_WARN__DUPLICATE_METHOD_MATCH = YES;
				COPY_PHASE_STRIP = NO;
				DEBUG_INFORMATION_FORMAT = "dwarf-with-dsym";
				ENABLE_NS_ASSERTIONS = NO;
				ENABLE_STRICT_OBJC_MSGSEND = YES;
				GCC_C_LANGUAGE_STANDARD = gnu11;
				GCC_NO_COMMON_BLOCKS = YES;
				GCC_WARN_64_TO_32_BIT_CONVERSION = YES;
				GCC_WARN_ABOUT_RETURN_TYPE = YES_ERROR;
				GCC_WARN_UNDECLARED_SELECTOR = YES;
				GCC_WARN_UNINITIALIZED_AUTOS = YES_AGGRESSIVE;
				GCC_WARN_UNUSED_FUNCTION = YES;
				GCC_WARN_UNUSED_VARIABLE = YES;
				IPHONEOS_DEPLOYMENT_TARGET = 13.2;
				MTL_ENABLE_DEBUG_INFO = NO;
				MTL_FAST_MATH = YES;
				SDKROOT = iphoneos;
				SWIFT_COMPILATION_MODE = wholemodule;
				SWIFT_OPTIMIZATION_LEVEL = "-O";
				VALIDATE_PRODUCT = YES;
			};
			name = Release;
		};
		D8ABDA11239D767200D219B1 /* Debug */ = {
			isa = XCBuildConfiguration;
			buildSettings = {
				ASSETCATALOG_COMPILER_APPICON_NAME = AppIcon;
				CODE_SIGN_STYLE = Automatic;
				DEVELOPMENT_TEAM = 6GF8658PFD;
				INFOPLIST_FILE = Youngest/Info.plist;
				LD_RUNPATH_SEARCH_PATHS = (
					"$(inherited)",
					"@executable_path/Frameworks",
				);
				PRODUCT_BUNDLE_IDENTIFIER = com.deadpixel.Youngest;
				PRODUCT_NAME = "$(TARGET_NAME)";
				SWIFT_VERSION = 5.0;
				TARGETED_DEVICE_FAMILY = "1,2";
			};
			name = Debug;
		};
		D8ABDA12239D767200D219B1 /* Release */ = {
			isa = XCBuildConfiguration;
			buildSettings = {
				ASSETCATALOG_COMPILER_APPICON_NAME = AppIcon;
				CODE_SIGN_STYLE = Automatic;
				DEVELOPMENT_TEAM = 6GF8658PFD;
				INFOPLIST_FILE = Youngest/Info.plist;
				LD_RUNPATH_SEARCH_PATHS = (
					"$(inherited)",
					"@executable_path/Frameworks",
				);
				PRODUCT_BUNDLE_IDENTIFIER = com.deadpixel.Youngest;
				PRODUCT_NAME = "$(TARGET_NAME)";
				SWIFT_VERSION = 5.0;
				TARGETED_DEVICE_FAMILY = "1,2";
			};
			name = Release;
		};
		D8ABDA14239D767200D219B1 /* Debug */ = {
			isa = XCBuildConfiguration;
			buildSettings = {
				ALWAYS_EMBED_SWIFT_STANDARD_LIBRARIES = YES;
				BUNDLE_LOADER = "$(TEST_HOST)";
				CODE_SIGN_STYLE = Automatic;
				DEVELOPMENT_TEAM = 6GF8658PFD;
				INFOPLIST_FILE = YoungestTests/Info.plist;
				IPHONEOS_DEPLOYMENT_TARGET = 13.2;
				LD_RUNPATH_SEARCH_PATHS = (
					"$(inherited)",
					"@executable_path/Frameworks",
					"@loader_path/Frameworks",
				);
				PRODUCT_BUNDLE_IDENTIFIER = com.deadpixel.YoungestTests;
				PRODUCT_NAME = "$(TARGET_NAME)";
				SWIFT_VERSION = 5.0;
				TARGETED_DEVICE_FAMILY = "1,2";
				TEST_HOST = "$(BUILT_PRODUCTS_DIR)/Youngest.app/Youngest";
			};
			name = Debug;
		};
		D8ABDA15239D767200D219B1 /* Release */ = {
			isa = XCBuildConfiguration;
			buildSettings = {
				ALWAYS_EMBED_SWIFT_STANDARD_LIBRARIES = YES;
				BUNDLE_LOADER = "$(TEST_HOST)";
				CODE_SIGN_STYLE = Automatic;
				DEVELOPMENT_TEAM = 6GF8658PFD;
				INFOPLIST_FILE = YoungestTests/Info.plist;
				IPHONEOS_DEPLOYMENT_TARGET = 13.2;
				LD_RUNPATH_SEARCH_PATHS = (
					"$(inherited)",
					"@executable_path/Frameworks",
					"@loader_path/Frameworks",
				);
				PRODUCT_BUNDLE_IDENTIFIER = com.deadpixel.YoungestTests;
				PRODUCT_NAME = "$(TARGET_NAME)";
				SWIFT_VERSION = 5.0;
				TARGETED_DEVICE_FAMILY = "1,2";
				TEST_HOST = "$(BUILT_PRODUCTS_DIR)/Youngest.app/Youngest";
			};
			name = Release;
		};
/* End XCBuildConfiguration section */

/* Begin XCConfigurationList section */
		D8ABD9EC239D766F00D219B1 /* Build configuration list for PBXProject "Youngest" */ = {
			isa = XCConfigurationList;
			buildConfigurations = (
				D8ABDA0E239D767200D219B1 /* Debug */,
				D8ABDA0F239D767200D219B1 /* Release */,
			);
			defaultConfigurationIsVisible = 0;
			defaultConfigurationName = Release;
		};
		D8ABDA10239D767200D219B1 /* Build configuration list for PBXNativeTarget "Youngest" */ = {
			isa = XCConfigurationList;
			buildConfigurations = (
				D8ABDA11239D767200D219B1 /* Debug */,
				D8ABDA12239D767200D219B1 /* Release */,
			);
			defaultConfigurationIsVisible = 0;
			defaultConfigurationName = Release;
		};
		D8ABDA13239D767200D219B1 /* Build configuration list for PBXNativeTarget "YoungestTests" */ = {
			isa = XCConfigurationList;
			buildConfigurations = (
				D8ABDA14239D767200D219B1 /* Debug */,
				D8ABDA15239D767200D219B1 /* Release */,
			);
			defaultConfigurationIsVisible = 0;
			defaultConfigurationName = Release;
		};
/* End XCConfigurationList section */
	};
	rootObject = D8ABD9E9239D766F00D219B1 /* Project object */;
}
